// !$*UTF8*$!
{
	archiveVersion = 1;
	classes = {
	};
	objectVersion = 50;
	objects = {

/* Begin PBXBuildFile section */
		3FA30DB623DA806F00DEB8EA /* AppDelegate.swift in Sources */ = {isa = PBXBuildFile; fileRef = 3FA30DB523DA806F00DEB8EA /* AppDelegate.swift */; };
		3FA30DB823DA806F00DEB8EA /* SceneDelegate.swift in Sources */ = {isa = PBXBuildFile; fileRef = 3FA30DB723DA806F00DEB8EA /* SceneDelegate.swift */; };
		3FA30DBA23DA806F00DEB8EA /* ViewController.swift in Sources */ = {isa = PBXBuildFile; fileRef = 3FA30DB923DA806F00DEB8EA /* ViewController.swift */; };
		3FA30DBD23DA806F00DEB8EA /* Main.storyboard in Resources */ = {isa = PBXBuildFile; fileRef = 3FA30DBB23DA806F00DEB8EA /* Main.storyboard */; };
		3FA30DBF23DA807700DEB8EA /* Assets.xcassets in Resources */ = {isa = PBXBuildFile; fileRef = 3FA30DBE23DA807700DEB8EA /* Assets.xcassets */; };
		3FA30DC223DA807700DEB8EA /* LaunchScreen.storyboard in Resources */ = {isa = PBXBuildFile; fileRef = 3FA30DC023DA807700DEB8EA /* LaunchScreen.storyboard */; };
		3FA30DCD23DA807800DEB8EA /* FlixsterTests.swift in Sources */ = {isa = PBXBuildFile; fileRef = 3FA30DCC23DA807800DEB8EA /* FlixsterTests.swift */; };
		3FA30DD823DA807800DEB8EA /* FlixsterUITests.swift in Sources */ = {isa = PBXBuildFile; fileRef = 3FA30DD723DA807800DEB8EA /* FlixsterUITests.swift */; };
/* End PBXBuildFile section */

/* Begin PBXContainerItemProxy section */
		3FA30DC923DA807800DEB8EA /* PBXContainerItemProxy */ = {
			isa = PBXContainerItemProxy;
			containerPortal = 3FA30DAA23DA806F00DEB8EA /* Project object */;
			proxyType = 1;
			remoteGlobalIDString = 3FA30DB123DA806F00DEB8EA;
			remoteInfo = Flixster;
		};
		3FA30DD423DA807800DEB8EA /* PBXContainerItemProxy */ = {
			isa = PBXContainerItemProxy;
			containerPortal = 3FA30DAA23DA806F00DEB8EA /* Project object */;
			proxyType = 1;
			remoteGlobalIDString = 3FA30DB123DA806F00DEB8EA;
			remoteInfo = Flixster;
		};
/* End PBXContainerItemProxy section */

/* Begin PBXFileReference section */
		3FA30DB223DA806F00DEB8EA /* Flixster.app */ = {isa = PBXFileReference; explicitFileType = wrapper.application; includeInIndex = 0; path = Flixster.app; sourceTree = BUILT_PRODUCTS_DIR; };
		3FA30DB523DA806F00DEB8EA /* AppDelegate.swift */ = {isa = PBXFileReference; lastKnownFileType = sourcecode.swift; path = AppDelegate.swift; sourceTree = "<group>"; };
		3FA30DB723DA806F00DEB8EA /* SceneDelegate.swift */ = {isa = PBXFileReference; lastKnownFileType = sourcecode.swift; path = SceneDelegate.swift; sourceTree = "<group>"; };
		3FA30DB923DA806F00DEB8EA /* ViewController.swift */ = {isa = PBXFileReference; lastKnownFileType = sourcecode.swift; path = ViewController.swift; sourceTree = "<group>"; };
		3FA30DBC23DA806F00DEB8EA /* Base */ = {isa = PBXFileReference; lastKnownFileType = file.storyboard; name = Base; path = Base.lproj/Main.storyboard; sourceTree = "<group>"; };
		3FA30DBE23DA807700DEB8EA /* Assets.xcassets */ = {isa = PBXFileReference; lastKnownFileType = folder.assetcatalog; path = Assets.xcassets; sourceTree = "<group>"; };
		3FA30DC123DA807700DEB8EA /* Base */ = {isa = PBXFileReference; lastKnownFileType = file.storyboard; name = Base; path = Base.lproj/LaunchScreen.storyboard; sourceTree = "<group>"; };
		3FA30DC323DA807700DEB8EA /* Info.plist */ = {isa = PBXFileReference; lastKnownFileType = text.plist.xml; path = Info.plist; sourceTree = "<group>"; };
		3FA30DC823DA807800DEB8EA /* FlixsterTests.xctest */ = {isa = PBXFileReference; explicitFileType = wrapper.cfbundle; includeInIndex = 0; path = FlixsterTests.xctest; sourceTree = BUILT_PRODUCTS_DIR; };
		3FA30DCC23DA807800DEB8EA /* FlixsterTests.swift */ = {isa = PBXFileReference; lastKnownFileType = sourcecode.swift; path = FlixsterTests.swift; sourceTree = "<group>"; };
		3FA30DCE23DA807800DEB8EA /* Info.plist */ = {isa = PBXFileReference; lastKnownFileType = text.plist.xml; path = Info.plist; sourceTree = "<group>"; };
		3FA30DD323DA807800DEB8EA /* FlixsterUITests.xctest */ = {isa = PBXFileReference; explicitFileType = wrapper.cfbundle; includeInIndex = 0; path = FlixsterUITests.xctest; sourceTree = BUILT_PRODUCTS_DIR; };
		3FA30DD723DA807800DEB8EA /* FlixsterUITests.swift */ = {isa = PBXFileReference; lastKnownFileType = sourcecode.swift; path = FlixsterUITests.swift; sourceTree = "<group>"; };
		3FA30DD923DA807800DEB8EA /* Info.plist */ = {isa = PBXFileReference; lastKnownFileType = text.plist.xml; path = Info.plist; sourceTree = "<group>"; };
/* End PBXFileReference section */

/* Begin PBXFrameworksBuildPhase section */
		3FA30DAF23DA806F00DEB8EA /* Frameworks */ = {
			isa = PBXFrameworksBuildPhase;
			buildActionMask = 2147483647;
			files = (
			);
			runOnlyForDeploymentPostprocessing = 0;
		};
		3FA30DC523DA807800DEB8EA /* Frameworks */ = {
			isa = PBXFrameworksBuildPhase;
			buildActionMask = 2147483647;
			files = (
			);
			runOnlyForDeploymentPostprocessing = 0;
		};
		3FA30DD023DA807800DEB8EA /* Frameworks */ = {
			isa = PBXFrameworksBuildPhase;
			buildActionMask = 2147483647;
			files = (
			);
			runOnlyForDeploymentPostprocessing = 0;
		};
/* End PBXFrameworksBuildPhase section */

/* Begin PBXGroup section */
		3FA30DA923DA806F00DEB8EA = {
			isa = PBXGroup;
			children = (
				3FA30DB423DA806F00DEB8EA /* Flixster */,
				3FA30DCB23DA807800DEB8EA /* FlixsterTests */,
				3FA30DD623DA807800DEB8EA /* FlixsterUITests */,
				3FA30DB323DA806F00DEB8EA /* Products */,
			);
			sourceTree = "<group>";
		};
		3FA30DB323DA806F00DEB8EA /* Products */ = {
			isa = PBXGroup;
			children = (
				3FA30DB223DA806F00DEB8EA /* Flixster.app */,
				3FA30DC823DA807800DEB8EA /* FlixsterTests.xctest */,
				3FA30DD323DA807800DEB8EA /* FlixsterUITests.xctest */,
			);
			name = Products;
			sourceTree = "<group>";
		};
		3FA30DB423DA806F00DEB8EA /* Flixster */ = {
			isa = PBXGroup;
			children = (
				3FA30DB523DA806F00DEB8EA /* AppDelegate.swift */,
				3FA30DB723DA806F00DEB8EA /* SceneDelegate.swift */,
				3FA30DB923DA806F00DEB8EA /* ViewController.swift */,
				3FA30DBB23DA806F00DEB8EA /* Main.storyboard */,
				3FA30DBE23DA807700DEB8EA /* Assets.xcassets */,
				3FA30DC023DA807700DEB8EA /* LaunchScreen.storyboard */,
				3FA30DC323DA807700DEB8EA /* Info.plist */,
			);
			path = Flixster;
			sourceTree = "<group>";
		};
		3FA30DCB23DA807800DEB8EA /* FlixsterTests */ = {
			isa = PBXGroup;
			children = (
				3FA30DCC23DA807800DEB8EA /* FlixsterTests.swift */,
				3FA30DCE23DA807800DEB8EA /* Info.plist */,
			);
			path = FlixsterTests;
			sourceTree = "<group>";
		};
		3FA30DD623DA807800DEB8EA /* FlixsterUITests */ = {
			isa = PBXGroup;
			children = (
				3FA30DD723DA807800DEB8EA /* FlixsterUITests.swift */,
				3FA30DD923DA807800DEB8EA /* Info.plist */,
			);
			path = FlixsterUITests;
			sourceTree = "<group>";
		};
/* End PBXGroup section */

/* Begin PBXNativeTarget section */
		3FA30DB123DA806F00DEB8EA /* Flixster */ = {
			isa = PBXNativeTarget;
			buildConfigurationList = 3FA30DDC23DA807800DEB8EA /* Build configuration list for PBXNativeTarget "Flixster" */;
			buildPhases = (
				3FA30DAE23DA806F00DEB8EA /* Sources */,
				3FA30DAF23DA806F00DEB8EA /* Frameworks */,
				3FA30DB023DA806F00DEB8EA /* Resources */,
			);
			buildRules = (
			);
			dependencies = (
			);
			name = Flixster;
			productName = Flixster;
			productReference = 3FA30DB223DA806F00DEB8EA /* Flixster.app */;
			productType = "com.apple.product-type.application";
		};
		3FA30DC723DA807800DEB8EA /* FlixsterTests */ = {
			isa = PBXNativeTarget;
			buildConfigurationList = 3FA30DDF23DA807800DEB8EA /* Build configuration list for PBXNativeTarget "FlixsterTests" */;
			buildPhases = (
				3FA30DC423DA807800DEB8EA /* Sources */,
				3FA30DC523DA807800DEB8EA /* Frameworks */,
				3FA30DC623DA807800DEB8EA /* Resources */,
			);
			buildRules = (
			);
			dependencies = (
				3FA30DCA23DA807800DEB8EA /* PBXTargetDependency */,
			);
			name = FlixsterTests;
			productName = FlixsterTests;
			productReference = 3FA30DC823DA807800DEB8EA /* FlixsterTests.xctest */;
			productType = "com.apple.product-type.bundle.unit-test";
		};
		3FA30DD223DA807800DEB8EA /* FlixsterUITests */ = {
			isa = PBXNativeTarget;
			buildConfigurationList = 3FA30DE223DA807800DEB8EA /* Build configuration list for PBXNativeTarget "FlixsterUITests" */;
			buildPhases = (
				3FA30DCF23DA807800DEB8EA /* Sources */,
				3FA30DD023DA807800DEB8EA /* Frameworks */,
				3FA30DD123DA807800DEB8EA /* Resources */,
			);
			buildRules = (
			);
			dependencies = (
				3FA30DD523DA807800DEB8EA /* PBXTargetDependency */,
			);
			name = FlixsterUITests;
			productName = FlixsterUITests;
			productReference = 3FA30DD323DA807800DEB8EA /* FlixsterUITests.xctest */;
			productType = "com.apple.product-type.bundle.ui-testing";
		};
/* End PBXNativeTarget section */

/* Begin PBXProject section */
		3FA30DAA23DA806F00DEB8EA /* Project object */ = {
			isa = PBXProject;
			attributes = {
				LastSwiftUpdateCheck = 1130;
				LastUpgradeCheck = 1130;
				ORGANIZATIONNAME = "lijing3931@gmail.com";
				TargetAttributes = {
					3FA30DB123DA806F00DEB8EA = {
						CreatedOnToolsVersion = 11.3.1;
					};
					3FA30DC723DA807800DEB8EA = {
						CreatedOnToolsVersion = 11.3.1;
						TestTargetID = 3FA30DB123DA806F00DEB8EA;
					};
					3FA30DD223DA807800DEB8EA = {
						CreatedOnToolsVersion = 11.3.1;
						TestTargetID = 3FA30DB123DA806F00DEB8EA;
					};
				};
			};
			buildConfigurationList = 3FA30DAD23DA806F00DEB8EA /* Build configuration list for PBXProject "Flixster" */;
			compatibilityVersion = "Xcode 9.3";
			developmentRegion = en;
			hasScannedForEncodings = 0;
			knownRegions = (
				en,
				Base,
			);
			mainGroup = 3FA30DA923DA806F00DEB8EA;
			productRefGroup = 3FA30DB323DA806F00DEB8EA /* Products */;
			projectDirPath = "";
			projectRoot = "";
			targets = (
				3FA30DB123DA806F00DEB8EA /* Flixster */,
				3FA30DC723DA807800DEB8EA /* FlixsterTests */,
				3FA30DD223DA807800DEB8EA /* FlixsterUITests */,
			);
		};
/* End PBXProject section */

/* Begin PBXResourcesBuildPhase section */
		3FA30DB023DA806F00DEB8EA /* Resources */ = {
			isa = PBXResourcesBuildPhase;
			buildActionMask = 2147483647;
			files = (
				3FA30DC223DA807700DEB8EA /* LaunchScreen.storyboard in Resources */,
				3FA30DBF23DA807700DEB8EA /* Assets.xcassets in Resources */,
				3FA30DBD23DA806F00DEB8EA /* Main.storyboard in Resources */,
			);
			runOnlyForDeploymentPostprocessing = 0;
		};
		3FA30DC623DA807800DEB8EA /* Resources */ = {
			isa = PBXResourcesBuildPhase;
			buildActionMask = 2147483647;
			files = (
			);
			runOnlyForDeploymentPostprocessing = 0;
		};
		3FA30DD123DA807800DEB8EA /* Resources */ = {
			isa = PBXResourcesBuildPhase;
			buildActionMask = 2147483647;
			files = (
			);
			runOnlyForDeploymentPostprocessing = 0;
		};
/* End PBXResourcesBuildPhase section */

/* Begin PBXSourcesBuildPhase section */
		3FA30DAE23DA806F00DEB8EA /* Sources */ = {
			isa = PBXSourcesBuildPhase;
			buildActionMask = 2147483647;
			files = (
				3FA30DBA23DA806F00DEB8EA /* ViewController.swift in Sources */,
				3FA30DB623DA806F00DEB8EA /* AppDelegate.swift in Sources */,
				3FA30DB823DA806F00DEB8EA /* SceneDelegate.swift in Sources */,
			);
			runOnlyForDeploymentPostprocessing = 0;
		};
		3FA30DC423DA807800DEB8EA /* Sources */ = {
			isa = PBXSourcesBuildPhase;
			buildActionMask = 2147483647;
			files = (
				3FA30DCD23DA807800DEB8EA /* FlixsterTests.swift in Sources */,
			);
			runOnlyForDeploymentPostprocessing = 0;
		};
		3FA30DCF23DA807800DEB8EA /* Sources */ = {
			isa = PBXSourcesBuildPhase;
			buildActionMask = 2147483647;
			files = (
				3FA30DD823DA807800DEB8EA /* FlixsterUITests.swift in Sources */,
			);
			runOnlyForDeploymentPostprocessing = 0;
		};
/* End PBXSourcesBuildPhase section */

/* Begin PBXTargetDependency section */
		3FA30DCA23DA807800DEB8EA /* PBXTargetDependency */ = {
			isa = PBXTargetDependency;
			target = 3FA30DB123DA806F00DEB8EA /* Flixster */;
			targetProxy = 3FA30DC923DA807800DEB8EA /* PBXContainerItemProxy */;
		};
		3FA30DD523DA807800DEB8EA /* PBXTargetDependency */ = {
			isa = PBXTargetDependency;
			target = 3FA30DB123DA806F00DEB8EA /* Flixster */;
			targetProxy = 3FA30DD423DA807800DEB8EA /* PBXContainerItemProxy */;
		};
/* End PBXTargetDependency section */

/* Begin PBXVariantGroup section */
		3FA30DBB23DA806F00DEB8EA /* Main.storyboard */ = {
			isa = PBXVariantGroup;
			children = (
				3FA30DBC23DA806F00DEB8EA /* Base */,
			);
			name = Main.storyboard;
			sourceTree = "<group>";
		};
		3FA30DC023DA807700DEB8EA /* LaunchScreen.storyboard */ = {
			isa = PBXVariantGroup;
			children = (
				3FA30DC123DA807700DEB8EA /* Base */,
			);
			name = LaunchScreen.storyboard;
			sourceTree = "<group>";
		};
/* End PBXVariantGroup section */

/* Begin XCBuildConfiguration section */
		3FA30DDA23DA807800DEB8EA /* Debug */ = {
			isa = XCBuildConfiguration;
			buildSettings = {
				ALWAYS_SEARCH_USER_PATHS = NO;
				CLANG_ANALYZER_NONNULL = YES;
				CLANG_ANALYZER_NUMBER_OBJECT_CONVERSION = YES_AGGRESSIVE;
				CLANG_CXX_LANGUAGE_STANDARD = "gnu++14";
				CLANG_CXX_LIBRARY = "libc++";
				CLANG_ENABLE_MODULES = YES;
				CLANG_ENABLE_OBJC_ARC = YES;
				CLANG_ENABLE_OBJC_WEAK = YES;
				CLANG_WARN_BLOCK_CAPTURE_AUTORELEASING = YES;
				CLANG_WARN_BOOL_CONVERSION = YES;
				CLANG_WARN_COMMA = YES;
				CLANG_WARN_CONSTANT_CONVERSION = YES;
				CLANG_WARN_DEPRECATED_OBJC_IMPLEMENTATIONS = YES;
				CLANG_WARN_DIRECT_OBJC_ISA_USAGE = YES_ERROR;
				CLANG_WARN_DOCUMENTATION_COMMENTS = YES;
				CLANG_WARN_EMPTY_BODY = YES;
				CLANG_WARN_ENUM_CONVERSION = YES;
				CLANG_WARN_INFINITE_RECURSION = YES;
				CLANG_WARN_INT_CONVERSION = YES;
				CLANG_WARN_NON_LITERAL_NULL_CONVERSION = YES;
				CLANG_WARN_OBJC_IMPLICIT_RETAIN_SELF = YES;
				CLANG_WARN_OBJC_LITERAL_CONVERSION = YES;
				CLANG_WARN_OBJC_ROOT_CLASS = YES_ERROR;
				CLANG_WARN_RANGE_LOOP_ANALYSIS = YES;
				CLANG_WARN_STRICT_PROTOTYPES = YES;
				CLANG_WARN_SUSPICIOUS_MOVE = YES;
				CLANG_WARN_UNGUARDED_AVAILABILITY = YES_AGGRESSIVE;
				CLANG_WARN_UNREACHABLE_CODE = YES;
				CLANG_WARN__DUPLICATE_METHOD_MATCH = YES;
				COPY_PHASE_STRIP = NO;
				DEBUG_INFORMATION_FORMAT = dwarf;
				ENABLE_STRICT_OBJC_MSGSEND = YES;
				ENABLE_TESTABILITY = YES;
				GCC_C_LANGUAGE_STANDARD = gnu11;
				GCC_DYNAMIC_NO_PIC = NO;
				GCC_NO_COMMON_BLOCKS = YES;
				GCC_OPTIMIZATION_LEVEL = 0;
				GCC_PREPROCESSOR_DEFINITIONS = (
					"DEBUG=1",
					"$(inherited)",
				);
				GCC_WARN_64_TO_32_BIT_CONVERSION = YES;
				GCC_WARN_ABOUT_RETURN_TYPE = YES_ERROR;
				GCC_WARN_UNDECLARED_SELECTOR = YES;
				GCC_WARN_UNINITIALIZED_AUTOS = YES_AGGRESSIVE;
				GCC_WARN_UNUSED_FUNCTION = YES;
				GCC_WARN_UNUSED_VARIABLE = YES;
				IPHONEOS_DEPLOYMENT_TARGET = 13.2;
				MTL_ENABLE_DEBUG_INFO = INCLUDE_SOURCE;
				MTL_FAST_MATH = YES;
				ONLY_ACTIVE_ARCH = YES;
				SDKROOT = iphoneos;
				SWIFT_ACTIVE_COMPILATION_CONDITIONS = DEBUG;
				SWIFT_OPTIMIZATION_LEVEL = "-Onone";
			};
			name = Debug;
		};
		3FA30DDB23DA807800DEB8EA /* Release */ = {
			isa = XCBuildConfiguration;
			buildSettings = {
				ALWAYS_SEARCH_USER_PATHS = NO;
				CLANG_ANALYZER_NONNULL = YES;
				CLANG_ANALYZER_NUMBER_OBJECT_CONVERSION = YES_AGGRESSIVE;
				CLANG_CXX_LANGUAGE_STANDARD = "gnu++14";
				CLANG_CXX_LIBRARY = "libc++";
				CLANG_ENABLE_MODULES = YES;
				CLANG_ENABLE_OBJC_ARC = YES;
				CLANG_ENABLE_OBJC_WEAK = YES;
				CLANG_WARN_BLOCK_CAPTURE_AUTORELEASING = YES;
				CLANG_WARN_BOOL_CONVERSION = YES;
				CLANG_WARN_COMMA = YES;
				CLANG_WARN_CONSTANT_CONVERSION = YES;
				CLANG_WARN_DEPRECATED_OBJC_IMPLEMENTATIONS = YES;
				CLANG_WARN_DIRECT_OBJC_ISA_USAGE = YES_ERROR;
				CLANG_WARN_DOCUMENTATION_COMMENTS = YES;
				CLANG_WARN_EMPTY_BODY = YES;
				CLANG_WARN_ENUM_CONVERSION = YES;
				CLANG_WARN_INFINITE_RECURSION = YES;
				CLANG_WARN_INT_CONVERSION = YES;
				CLANG_WARN_NON_LITERAL_NULL_CONVERSION = YES;
				CLANG_WARN_OBJC_IMPLICIT_RETAIN_SELF = YES;
				CLANG_WARN_OBJC_LITERAL_CONVERSION = YES;
				CLANG_WARN_OBJC_ROOT_CLASS = YES_ERROR;
				CLANG_WARN_RANGE_LOOP_ANALYSIS = YES;
				CLANG_WARN_STRICT_PROTOTYPES = YES;
				CLANG_WARN_SUSPICIOUS_MOVE = YES;
				CLANG_WARN_UNGUARDED_AVAILABILITY = YES_AGGRESSIVE;
				CLANG_WARN_UNREACHABLE_CODE = YES;
				CLANG_WARN__DUPLICATE_METHOD_MATCH = YES;
				COPY_PHASE_STRIP = NO;
				DEBUG_INFORMATION_FORMAT = "dwarf-with-dsym";
				ENABLE_NS_ASSERTIONS = NO;
				ENABLE_STRICT_OBJC_MSGSEND = YES;
				GCC_C_LANGUAGE_STANDARD = gnu11;
				GCC_NO_COMMON_BLOCKS = YES;
				GCC_WARN_64_TO_32_BIT_CONVERSION = YES;
				GCC_WARN_ABOUT_RETURN_TYPE = YES_ERROR;
				GCC_WARN_UNDECLARED_SELECTOR = YES;
				GCC_WARN_UNINITIALIZED_AUTOS = YES_AGGRESSIVE;
				GCC_WARN_UNUSED_FUNCTION = YES;
				GCC_WARN_UNUSED_VARIABLE = YES;
				IPHONEOS_DEPLOYMENT_TARGET = 13.2;
				MTL_ENABLE_DEBUG_INFO = NO;
				MTL_FAST_MATH = YES;
				SDKROOT = iphoneos;
				SWIFT_COMPILATION_MODE = wholemodule;
				SWIFT_OPTIMIZATION_LEVEL = "-O";
				VALIDATE_PRODUCT = YES;
			};
			name = Release;
		};
		3FA30DDD23DA807800DEB8EA /* Debug */ = {
			isa = XCBuildConfiguration;
			buildSettings = {
				ASSETCATALOG_COMPILER_APPICON_NAME = AppIcon;
				CODE_SIGN_STYLE = Automatic;
				INFOPLIST_FILE = Flixster/Info.plist;
				LD_RUNPATH_SEARCH_PATHS = (
					"$(inherited)",
					"@executable_path/Frameworks",
				);
				PRODUCT_BUNDLE_IDENTIFIER = CodePath.Flixster;
				PRODUCT_NAME = "$(TARGET_NAME)";
				SWIFT_VERSION = 5.0;
				TARGETED_DEVICE_FAMILY = "1,2";
			};
			name = Debug;
		};
		3FA30DDE23DA807800DEB8EA /* Release */ = {
			isa = XCBuildConfiguration;
			buildSettings = {
				ASSETCATALOG_COMPILER_APPICON_NAME = AppIcon;
				CODE_SIGN_STYLE = Automatic;
				INFOPLIST_FILE = Flixster/Info.plist;
				LD_RUNPATH_SEARCH_PATHS = (
					"$(inherited)",
					"@executable_path/Frameworks",
				);
				PRODUCT_BUNDLE_IDENTIFIER = CodePath.Flixster;
				PRODUCT_NAME = "$(TARGET_NAME)";
				SWIFT_VERSION = 5.0;
				TARGETED_DEVICE_FAMILY = "1,2";
			};
			name = Release;
		};
		3FA30DE023DA807800DEB8EA /* Debug */ = {
			isa = XCBuildConfiguration;
			buildSettings = {
				ALWAYS_EMBED_SWIFT_STANDARD_LIBRARIES = YES;
				BUNDLE_LOADER = "$(TEST_HOST)";
				CODE_SIGN_STYLE = Automatic;
				INFOPLIST_FILE = FlixsterTests/Info.plist;
				IPHONEOS_DEPLOYMENT_TARGET = 13.2;
				LD_RUNPATH_SEARCH_PATHS = (
					"$(inherited)",
					"@executable_path/Frameworks",
					"@loader_path/Frameworks",
				);
				PRODUCT_BUNDLE_IDENTIFIER = CodePath.FlixsterTests;
				PRODUCT_NAME = "$(TARGET_NAME)";
				SWIFT_VERSION = 5.0;
				TARGETED_DEVICE_FAMILY = "1,2";
				TEST_HOST = "$(BUILT_PRODUCTS_DIR)/Flixster.app/Flixster";
			};
			name = Debug;
		};
		3FA30DE123DA807800DEB8EA /* Release */ = {
			isa = XCBuildConfiguration;
			buildSettings = {
				ALWAYS_EMBED_SWIFT_STANDARD_LIBRARIES = YES;
				BUNDLE_LOADER = "$(TEST_HOST)";
				CODE_SIGN_STYLE = Automatic;
				INFOPLIST_FILE = FlixsterTests/Info.plist;
				IPHONEOS_DEPLOYMENT_TARGET = 13.2;
				LD_RUNPATH_SEARCH_PATHS = (
					"$(inherited)",
					"@executable_path/Frameworks",
					"@loader_path/Frameworks",
				);
				PRODUCT_BUNDLE_IDENTIFIER = CodePath.FlixsterTests;
				PRODUCT_NAME = "$(TARGET_NAME)";
				SWIFT_VERSION = 5.0;
				TARGETED_DEVICE_FAMILY = "1,2";
				TEST_HOST = "$(BUILT_PRODUCTS_DIR)/Flixster.app/Flixster";
			};
			name = Release;
		};
		3FA30DE323DA807800DEB8EA /* Debug */ = {
			isa = XCBuildConfiguration;
			buildSettings = {
				ALWAYS_EMBED_SWIFT_STANDARD_LIBRARIES = YES;
				CODE_SIGN_STYLE = Automatic;
				INFOPLIST_FILE = FlixsterUITests/Info.plist;
				LD_RUNPATH_SEARCH_PATHS = (
					"$(inherited)",
					"@executable_path/Frameworks",
					"@loader_path/Frameworks",
				);
				PRODUCT_BUNDLE_IDENTIFIER = CodePath.FlixsterUITests;
				PRODUCT_NAME = "$(TARGET_NAME)";
				SWIFT_VERSION = 5.0;
				TARGETED_DEVICE_FAMILY = "1,2";
				TEST_TARGET_NAME = Flixster;
			};
			name = Debug;
		};
		3FA30DE423DA807800DEB8EA /* Release */ = {
			isa = XCBuildConfiguration;
			buildSettings = {
				ALWAYS_EMBED_SWIFT_STANDARD_LIBRARIES = YES;
				CODE_SIGN_STYLE = Automatic;
				INFOPLIST_FILE = FlixsterUITests/Info.plist;
				LD_RUNPATH_SEARCH_PATHS = (
					"$(inherited)",
					"@executable_path/Frameworks",
					"@loader_path/Frameworks",
				);
				PRODUCT_BUNDLE_IDENTIFIER = CodePath.FlixsterUITests;
				PRODUCT_NAME = "$(TARGET_NAME)";
				SWIFT_VERSION = 5.0;
				TARGETED_DEVICE_FAMILY = "1,2";
				TEST_TARGET_NAME = Flixster;
			};
			name = Release;
		};
/* End XCBuildConfiguration section */

/* Begin XCConfigurationList section */
		3FA30DAD23DA806F00DEB8EA /* Build configuration list for PBXProject "Flixster" */ = {
			isa = XCConfigurationList;
			buildConfigurations = (
				3FA30DDA23DA807800DEB8EA /* Debug */,
				3FA30DDB23DA807800DEB8EA /* Release */,
			);
			defaultConfigurationIsVisible = 0;
			defaultConfigurationName = Release;
		};
		3FA30DDC23DA807800DEB8EA /* Build configuration list for PBXNativeTarget "Flixster" */ = {
			isa = XCConfigurationList;
			buildConfigurations = (
				3FA30DDD23DA807800DEB8EA /* Debug */,
				3FA30DDE23DA807800DEB8EA /* Release */,
			);
			defaultConfigurationIsVisible = 0;
			defaultConfigurationName = Release;
		};
		3FA30DDF23DA807800DEB8EA /* Build configuration list for PBXNativeTarget "FlixsterTests" */ = {
			isa = XCConfigurationList;
			buildConfigurations = (
				3FA30DE023DA807800DEB8EA /* Debug */,
				3FA30DE123DA807800DEB8EA /* Release */,
			);
			defaultConfigurationIsVisible = 0;
			defaultConfigurationName = Release;
		};
		3FA30DE223DA807800DEB8EA /* Build configuration list for PBXNativeTarget "FlixsterUITests" */ = {
			isa = XCConfigurationList;
			buildConfigurations = (
				3FA30DE323DA807800DEB8EA /* Debug */,
				3FA30DE423DA807800DEB8EA /* Release */,
			);
			defaultConfigurationIsVisible = 0;
			defaultConfigurationName = Release;
		};
/* End XCConfigurationList section */
	};
	rootObject = 3FA30DAA23DA806F00DEB8EA /* Project object */;
}
